
Microsoft Visual Studio Solution File, Format Version 12.00
# Visual Studio Version 17
VisualStudioVersion = 17.12.35707.178
MinimumVisualStudioVersion = 10.0.40219.1
Project("{FAE04EC0-301F-11D3-BF4B-00C04F79EFBC}") = "Pets.API", "Pets.API.csproj", "{00E38908-9203-4B13-BA0F-05C517CA61B1}"
EndProject
Project("{FAE04EC0-301F-11D3-BF4B-00C04F79EFBC}") = "Pets.Domain", "..\Pets.Domain\Pets.Domain.csproj", "{4ED65191-7D4A-4D4C-A43E-EB942235F635}"
EndProject
Project("{FAE04EC0-301F-11D3-BF4B-00C04F79EFBC}") = "Pets.Infrastructure", "..\Pets.Infrastructure\Pets.Infrastructure.csproj", "{2865E114-978A-49D3-A2C3-2042E0BB00C1}"
EndProject
Project("{FAE04EC0-301F-11D3-BF4B-00C04F79EFBC}") = "Pets.Application", "..\Pets.Application\Pets.Application.csproj", "{474B4742-3877-4B37-8508-56DA9DCDE6D7}"
EndProject
Global
	GlobalSection(SolutionConfigurationPlatforms) = preSolution
		Debug|Any CPU = Debug|Any CPU
		Release|Any CPU = Release|Any CPU
	EndGlobalSection
	GlobalSection(ProjectConfigurationPlatforms) = postSolution
		{00E38908-9203-4B13-BA0F-05C517CA61B1}.Debug|Any CPU.ActiveCfg = Debug|Any CPU
		{00E38908-9203-4B13-BA0F-05C517CA61B1}.Debug|Any CPU.Build.0 = Debug|Any CPU
		{00E38908-9203-4B13-BA0F-05C517CA61B1}.Release|Any CPU.ActiveCfg = Release|Any CPU
		{00E38908-9203-4B13-BA0F-05C517CA61B1}.Release|Any CPU.Build.0 = Release|Any CPU
		{4ED65191-7D4A-4D4C-A43E-EB942235F635}.Debug|Any CPU.ActiveCfg = Debug|Any CPU
		{4ED65191-7D4A-4D4C-A43E-EB942235F635}.Debug|Any CPU.Build.0 = Debug|Any CPU
		{4ED65191-7D4A-4D4C-A43E-EB942235F635}.Release|Any CPU.ActiveCfg = Release|Any CPU
		{4ED65191-7D4A-4D4C-A43E-EB942235F635}.Release|Any CPU.Build.0 = Release|Any CPU
		{2865E114-978A-49D3-A2C3-2042E0BB00C1}.Debug|Any CPU.ActiveCfg = Debug|Any CPU
		{2865E114-978A-49D3-A2C3-2042E0BB00C1}.Debug|Any CPU.Build.0 = Debug|Any CPU
		{2865E114-978A-49D3-A2C3-2042E0BB00C1}.Release|Any CPU.ActiveCfg = Release|Any CPU
		{2865E114-978A-49D3-A2C3-2042E0BB00C1}.Release|Any CPU.Build.0 = Release|Any CPU
		{474B4742-3877-4B37-8508-56DA9DCDE6D7}.Debug|Any CPU.ActiveCfg = Debug|Any CPU
		{474B4742-3877-4B37-8508-56DA9DCDE6D7}.Debug|Any CPU.Build.0 = Debug|Any CPU
		{474B4742-3877-4B37-8508-56DA9DCDE6D7}.Release|Any CPU.ActiveCfg = Release|Any CPU
		{474B4742-3877-4B37-8508-56DA9DCDE6D7}.Release|Any CPU.Build.0 = Release|Any CPU
	EndGlobalSection
	GlobalSection(SolutionProperties) = preSolution
		HideSolutionNode = FALSE
	EndGlobalSection
EndGlobal
